// !$*UTF8*$!
{
	archiveVersion = 1;
	classes = {
	};
	objectVersion = 50;
	objects = {

/* Begin PBXBuildFile section */
		A21CE59C21EA231400B0081A /* NSTextField+Animation.swift in Sources */ = {isa = PBXBuildFile; fileRef = A21CE59B21EA231400B0081A /* NSTextField+Animation.swift */; };
		A21CE5A021EA291700B0081A /* quoteBackground.jpg in Resources */ = {isa = PBXBuildFile; fileRef = A21CE59F21EA291700B0081A /* quoteBackground.jpg */; };
		A24796B121E2301A00AF5C5C /* NSTextField+Label.swift in Sources */ = {isa = PBXBuildFile; fileRef = A24796B021E2301A00AF5C5C /* NSTextField+Label.swift */; };
		A27C71DF21E21EEF005C9B89 /* QutoView.swift in Sources */ = {isa = PBXBuildFile; fileRef = A27C71DE21E21EEF005C9B89 /* QutoView.swift */; };
		A27C71E121E2231A005C9B89 /* Quote.swift in Sources */ = {isa = PBXBuildFile; fileRef = A27C71E021E2231A005C9B89 /* Quote.swift */; };
		A27C71E321E223BB005C9B89 /* quotes.json in Resources */ = {isa = PBXBuildFile; fileRef = A27C71E221E223BA005C9B89 /* quotes.json */; };
/* End PBXBuildFile section */

/* Begin PBXFileReference section */
		A21CE59B21EA231400B0081A /* NSTextField+Animation.swift */ = {isa = PBXFileReference; lastKnownFileType = sourcecode.swift; path = "NSTextField+Animation.swift"; sourceTree = "<group>"; };
		A21CE59F21EA291700B0081A /* quoteBackground.jpg */ = {isa = PBXFileReference; lastKnownFileType = image.jpeg; path = quoteBackground.jpg; sourceTree = "<group>"; };
		A24796B021E2301A00AF5C5C /* NSTextField+Label.swift */ = {isa = PBXFileReference; lastKnownFileType = sourcecode.swift; path = "NSTextField+Label.swift"; sourceTree = "<group>"; };
		A27C71DE21E21EEF005C9B89 /* QutoView.swift */ = {isa = PBXFileReference; lastKnownFileType = sourcecode.swift; path = QutoView.swift; sourceTree = "<group>"; };
		A27C71E021E2231A005C9B89 /* Quote.swift */ = {isa = PBXFileReference; lastKnownFileType = sourcecode.swift; path = Quote.swift; sourceTree = "<group>"; };
		A27C71E221E223BA005C9B89 /* quotes.json */ = {isa = PBXFileReference; fileEncoding = 4; lastKnownFileType = text.json; path = quotes.json; sourceTree = "<group>"; };
		A2991E8321E2187E00D84FA1 /* Quto.saver */ = {isa = PBXFileReference; explicitFileType = wrapper.cfbundle; includeInIndex = 0; path = Quto.saver; sourceTree = BUILT_PRODUCTS_DIR; };
		A2991E8A21E2187E00D84FA1 /* Info.plist */ = {isa = PBXFileReference; lastKnownFileType = text.plist.xml; path = Info.plist; sourceTree = "<group>"; };
/* End PBXFileReference section */

/* Begin PBXFrameworksBuildPhase section */
		A2991E8021E2187E00D84FA1 /* Frameworks */ = {
			isa = PBXFrameworksBuildPhase;
			buildActionMask = 2147483647;
			files = (
			);
			runOnlyForDeploymentPostprocessing = 0;
		};
/* End PBXFrameworksBuildPhase section */

/* Begin PBXGroup section */
		A24796B221E2A84700AF5C5C /* View */ = {
			isa = PBXGroup;
			children = (
				A27C71DE21E21EEF005C9B89 /* QutoView.swift */,
			);
			path = View;
			sourceTree = "<group>";
		};
		A24796B321E2A85400AF5C5C /* Model */ = {
			isa = PBXGroup;
			children = (
				A27C71E021E2231A005C9B89 /* Quote.swift */,
			);
			path = Model;
			sourceTree = "<group>";
		};
		A24796B421E2A85D00AF5C5C /* Extensions */ = {
			isa = PBXGroup;
			children = (
				A24796B021E2301A00AF5C5C /* NSTextField+Label.swift */,
				A21CE59B21EA231400B0081A /* NSTextField+Animation.swift */,
			);
			path = Extensions;
			sourceTree = "<group>";
		};
		A24796B521E2A86800AF5C5C /* Files */ = {
			isa = PBXGroup;
			children = (
				A21CE59F21EA291700B0081A /* quoteBackground.jpg */,
				A27C71E221E223BA005C9B89 /* quotes.json */,
			);
			path = Files;
			sourceTree = "<group>";
		};
		A2991E7921E2187E00D84FA1 = {
			isa = PBXGroup;
			children = (
				A2991E8521E2187E00D84FA1 /* Quto */,
				A2991E8421E2187E00D84FA1 /* Products */,
			);
			sourceTree = "<group>";
		};
		A2991E8421E2187E00D84FA1 /* Products */ = {
			isa = PBXGroup;
			children = (
				A2991E8321E2187E00D84FA1 /* Quto.saver */,
			);
			name = Products;
			sourceTree = "<group>";
		};
		A2991E8521E2187E00D84FA1 /* Quto */ = {
			isa = PBXGroup;
			children = (
				A2991E8A21E2187E00D84FA1 /* Info.plist */,
				A24796B221E2A84700AF5C5C /* View */,
				A24796B321E2A85400AF5C5C /* Model */,
				A24796B421E2A85D00AF5C5C /* Extensions */,
				A24796B521E2A86800AF5C5C /* Files */,
			);
			path = Quto;
			sourceTree = "<group>";
		};
/* End PBXGroup section */

/* Begin PBXHeadersBuildPhase section */
		A2991E7E21E2187E00D84FA1 /* Headers */ = {
			isa = PBXHeadersBuildPhase;
			buildActionMask = 2147483647;
			files = (
			);
			runOnlyForDeploymentPostprocessing = 0;
		};
/* End PBXHeadersBuildPhase section */

/* Begin PBXNativeTarget section */
		A2991E8221E2187E00D84FA1 /* Quto */ = {
			isa = PBXNativeTarget;
			buildConfigurationList = A2991E8D21E2187E00D84FA1 /* Build configuration list for PBXNativeTarget "Quto" */;
			buildPhases = (
				A2991E7E21E2187E00D84FA1 /* Headers */,
				A2991E7F21E2187E00D84FA1 /* Sources */,
				A2991E8021E2187E00D84FA1 /* Frameworks */,
				A2991E8121E2187E00D84FA1 /* Resources */,
			);
			buildRules = (
			);
			dependencies = (
			);
			name = Quto;
			productName = Quto;
			productReference = A2991E8321E2187E00D84FA1 /* Quto.saver */;
			productType = "com.apple.product-type.bundle";
		};
/* End PBXNativeTarget section */

/* Begin PBXProject section */
		A2991E7A21E2187E00D84FA1 /* Project object */ = {
			isa = PBXProject;
			attributes = {
				LastUpgradeCheck = 1000;
				ORGANIZATIONNAME = Meseery;
				TargetAttributes = {
					A2991E8221E2187E00D84FA1 = {
						CreatedOnToolsVersion = 10.0;
						LastSwiftMigration = 1000;
					};
				};
			};
			buildConfigurationList = A2991E7D21E2187E00D84FA1 /* Build configuration list for PBXProject "Quto" */;
			compatibilityVersion = "Xcode 9.3";
			developmentRegion = en;
			hasScannedForEncodings = 0;
			knownRegions = (
				en,
			);
			mainGroup = A2991E7921E2187E00D84FA1;
			productRefGroup = A2991E8421E2187E00D84FA1 /* Products */;
			projectDirPath = "";
			projectRoot = "";
			targets = (
				A2991E8221E2187E00D84FA1 /* Quto */,
			);
		};
/* End PBXProject section */

/* Begin PBXResourcesBuildPhase section */
		A2991E8121E2187E00D84FA1 /* Resources */ = {
			isa = PBXResourcesBuildPhase;
			buildActionMask = 2147483647;
			files = (
				A21CE5A021EA291700B0081A /* quoteBackground.jpg in Resources */,
				A27C71E321E223BB005C9B89 /* quotes.json in Resources */,
			);
			runOnlyForDeploymentPostprocessing = 0;
		};
/* End PBXResourcesBuildPhase section */

/* Begin PBXSourcesBuildPhase section */
		A2991E7F21E2187E00D84FA1 /* Sources */ = {
			isa = PBXSourcesBuildPhase;
			buildActionMask = 2147483647;
			files = (
				A27C71E121E2231A005C9B89 /* Quote.swift in Sources */,
				A24796B121E2301A00AF5C5C /* NSTextField+Label.swift in Sources */,
				A27C71DF21E21EEF005C9B89 /* QutoView.swift in Sources */,
				A21CE59C21EA231400B0081A /* NSTextField+Animation.swift in Sources */,
			);
			runOnlyForDeploymentPostprocessing = 0;
		};
/* End PBXSourcesBuildPhase section */

/* Begin XCBuildConfiguration section */
		A2991E8B21E2187E00D84FA1 /* Debug */ = {
			isa = XCBuildConfiguration;
			buildSettings = {
				ALWAYS_SEARCH_USER_PATHS = NO;
				CLANG_ANALYZER_NONNULL = YES;
				CLANG_ANALYZER_NUMBER_OBJECT_CONVERSION = YES_AGGRESSIVE;
				CLANG_CXX_LANGUAGE_STANDARD = "gnu++14";
				CLANG_CXX_LIBRARY = "libc++";
				CLANG_ENABLE_MODULES = YES;
				CLANG_ENABLE_OBJC_ARC = YES;
				CLANG_ENABLE_OBJC_WEAK = YES;
				CLANG_WARN_BLOCK_CAPTURE_AUTORELEASING = YES;
				CLANG_WARN_BOOL_CONVERSION = YES;
				CLANG_WARN_COMMA = YES;
				CLANG_WARN_CONSTANT_CONVERSION = YES;
				CLANG_WARN_DEPRECATED_OBJC_IMPLEMENTATIONS = YES;
				CLANG_WARN_DIRECT_OBJC_ISA_USAGE = YES_ERROR;
				CLANG_WARN_DOCUMENTATION_COMMENTS = YES;
				CLANG_WARN_EMPTY_BODY = YES;
				CLANG_WARN_ENUM_CONVERSION = YES;
				CLANG_WARN_INFINITE_RECURSION = YES;
				CLANG_WARN_INT_CONVERSION = YES;
				CLANG_WARN_NON_LITERAL_NULL_CONVERSION = YES;
				CLANG_WARN_OBJC_IMPLICIT_RETAIN_SELF = YES;
				CLANG_WARN_OBJC_LITERAL_CONVERSION = YES;
				CLANG_WARN_OBJC_ROOT_CLASS = YES_ERROR;
				CLANG_WARN_RANGE_LOOP_ANALYSIS = YES;
				CLANG_WARN_STRICT_PROTOTYPES = YES;
				CLANG_WARN_SUSPICIOUS_MOVE = YES;
				CLANG_WARN_UNGUARDED_AVAILABILITY = YES_AGGRESSIVE;
				CLANG_WARN_UNREACHABLE_CODE = YES;
				CLANG_WARN__DUPLICATE_METHOD_MATCH = YES;
				CODE_SIGN_IDENTITY = "Mac Developer";
				COPY_PHASE_STRIP = NO;
				DEBUG_INFORMATION_FORMAT = dwarf;
				ENABLE_STRICT_OBJC_MSGSEND = YES;
				ENABLE_TESTABILITY = YES;
				GCC_C_LANGUAGE_STANDARD = gnu11;
				GCC_DYNAMIC_NO_PIC = NO;
				GCC_NO_COMMON_BLOCKS = YES;
				GCC_OPTIMIZATION_LEVEL = 0;
				GCC_PREPROCESSOR_DEFINITIONS = (
					"DEBUG=1",
					"$(inherited)",
				);
				GCC_WARN_64_TO_32_BIT_CONVERSION = YES;
				GCC_WARN_ABOUT_RETURN_TYPE = YES_ERROR;
				GCC_WARN_UNDECLARED_SELECTOR = YES;
				GCC_WARN_UNINITIALIZED_AUTOS = YES_AGGRESSIVE;
				GCC_WARN_UNUSED_FUNCTION = YES;
				GCC_WARN_UNUSED_VARIABLE = YES;
				MACOSX_DEPLOYMENT_TARGET = 10.14;
				MTL_ENABLE_DEBUG_INFO = INCLUDE_SOURCE;
				MTL_FAST_MATH = YES;
				ONLY_ACTIVE_ARCH = YES;
				SDKROOT = macosx;
			};
			name = Debug;
		};
		A2991E8C21E2187E00D84FA1 /* Release */ = {
			isa = XCBuildConfiguration;
			buildSettings = {
				ALWAYS_SEARCH_USER_PATHS = NO;
				CLANG_ANALYZER_NONNULL = YES;
				CLANG_ANALYZER_NUMBER_OBJECT_CONVERSION = YES_AGGRESSIVE;
				CLANG_CXX_LANGUAGE_STANDARD = "gnu++14";
				CLANG_CXX_LIBRARY = "libc++";
				CLANG_ENABLE_MODULES = YES;
				CLANG_ENABLE_OBJC_ARC = YES;
				CLANG_ENABLE_OBJC_WEAK = YES;
				CLANG_WARN_BLOCK_CAPTURE_AUTORELEASING = YES;
				CLANG_WARN_BOOL_CONVERSION = YES;
				CLANG_WARN_COMMA = YES;
				CLANG_WARN_CONSTANT_CONVERSION = YES;
				CLANG_WARN_DEPRECATED_OBJC_IMPLEMENTATIONS = YES;
				CLANG_WARN_DIRECT_OBJC_ISA_USAGE = YES_ERROR;
				CLANG_WARN_DOCUMENTATION_COMMENTS = YES;
				CLANG_WARN_EMPTY_BODY = YES;
				CLANG_WARN_ENUM_CONVERSION = YES;
				CLANG_WARN_INFINITE_RECURSION = YES;
				CLANG_WARN_INT_CONVERSION = YES;
				CLANG_WARN_NON_LITERAL_NULL_CONVERSION = YES;
				CLANG_WARN_OBJC_IMPLICIT_RETAIN_SELF = YES;
				CLANG_WARN_OBJC_LITERAL_CONVERSION = YES;
				CLANG_WARN_OBJC_ROOT_CLASS = YES_ERROR;
				CLANG_WARN_RANGE_LOOP_ANALYSIS = YES;
				CLANG_WARN_STRICT_PROTOTYPES = YES;
				CLANG_WARN_SUSPICIOUS_MOVE = YES;
				CLANG_WARN_UNGUARDED_AVAILABILITY = YES_AGGRESSIVE;
				CLANG_WARN_UNREACHABLE_CODE = YES;
				CLANG_WARN__DUPLICATE_METHOD_MATCH = YES;
				CODE_SIGN_IDENTITY = "Mac Developer";
				COPY_PHASE_STRIP = NO;
				DEBUG_INFORMATION_FORMAT = "dwarf-with-dsym";
				ENABLE_NS_ASSERTIONS = NO;
				ENABLE_STRICT_OBJC_MSGSEND = YES;
				GCC_C_LANGUAGE_STANDARD = gnu11;
				GCC_NO_COMMON_BLOCKS = YES;
				GCC_WARN_64_TO_32_BIT_CONVERSION = YES;
				GCC_WARN_ABOUT_RETURN_TYPE = YES_ERROR;
				GCC_WARN_UNDECLARED_SELECTOR = YES;
				GCC_WARN_UNINITIALIZED_AUTOS = YES_AGGRESSIVE;
				GCC_WARN_UNUSED_FUNCTION = YES;
				GCC_WARN_UNUSED_VARIABLE = YES;
				MACOSX_DEPLOYMENT_TARGET = 10.14;
				MTL_ENABLE_DEBUG_INFO = NO;
				MTL_FAST_MATH = YES;
				SDKROOT = macosx;
			};
			name = Release;
		};
		A2991E8E21E2187E00D84FA1 /* Debug */ = {
			isa = XCBuildConfiguration;
			buildSettings = {
				ALWAYS_EMBED_SWIFT_STANDARD_LIBRARIES = YES;
				CLANG_ENABLE_MODULES = YES;
				CODE_SIGN_STYLE = Automatic;
				COMBINE_HIDPI_IMAGES = YES;
				DEVELOPMENT_TEAM = 36C5PY3HAP;
				INFOPLIST_FILE = Quto/Info.plist;
				INSTALL_PATH = "$(HOME)/Library/Screen Savers";
				LD_RUNPATH_SEARCH_PATHS = (
					"$(inherited)",
					"@executable_path/../Frameworks",
					"@loader_path/../Frameworks",
				);
				PRODUCT_BUNDLE_IDENTIFIER = com.meseery.Quto;
				PRODUCT_NAME = "$(TARGET_NAME)";
				SWIFT_OBJC_BRIDGING_HEADER = "";
				SWIFT_OPTIMIZATION_LEVEL = "-Onone";
				SWIFT_VERSION = 4.2;
				WRAPPER_EXTENSION = saver;
			};
			name = Debug;
		};
		A2991E8F21E2187E00D84FA1 /* Release */ = {
			isa = XCBuildConfiguration;
			buildSettings = {
				ALWAYS_EMBED_SWIFT_STANDARD_LIBRARIES = YES;
				CLANG_ENABLE_MODULES = YES;
				CODE_SIGN_STYLE = Automatic;
				COMBINE_HIDPI_IMAGES = YES;
				DEVELOPMENT_TEAM = 36C5PY3HAP;
				INFOPLIST_FILE = Quto/Info.plist;
				INSTALL_PATH = "$(HOME)/Library/Screen Savers";
				LD_RUNPATH_SEARCH_PATHS = (
					"$(inherited)",
					"@executable_path/../Frameworks",
					"@loader_path/../Frameworks",
				);
				PRODUCT_BUNDLE_IDENTIFIER = com.meseery.Quto;
				PRODUCT_NAME = "$(TARGET_NAME)";
				SWIFT_OBJC_BRIDGING_HEADER = "";
				SWIFT_VERSION = 4.2;
				WRAPPER_EXTENSION = saver;
			};
			name = Release;
		};
/* End XCBuildConfiguration section */

/* Begin XCConfigurationList section */
		A2991E7D21E2187E00D84FA1 /* Build configuration list for PBXProject "Quto" */ = {
			isa = XCConfigurationList;
			buildConfigurations = (
				A2991E8B21E2187E00D84FA1 /* Debug */,
				A2991E8C21E2187E00D84FA1 /* Release */,
			);
			defaultConfigurationIsVisible = 0;
			defaultConfigurationName = Release;
		};
		A2991E8D21E2187E00D84FA1 /* Build configuration list for PBXNativeTarget "Quto" */ = {
			isa = XCConfigurationList;
			buildConfigurations = (
				A2991E8E21E2187E00D84FA1 /* Debug */,
				A2991E8F21E2187E00D84FA1 /* Release */,
			);
			defaultConfigurationIsVisible = 0;
			defaultConfigurationName = Release;
		};
/* End XCConfigurationList section */
	};
	rootObject = A2991E7A21E2187E00D84FA1 /* Project object */;
}
